
Microsoft Visual Studio Solution File, Format Version 12.00
# Visual Studio Version 17
VisualStudioVersion = 17.4.33110.190
MinimumVisualStudioVersion = 10.0.40219.1
Project("{FAE04EC0-301F-11D3-BF4B-00C04F79EFBC}") = "Football.project", "Football.project\Football.project.csproj", "{068EBBB8-BB2B-44CB-9EB8-027A4F938151}"
EndProject
Global
	GlobalSection(SolutionConfigurationPlatforms) = preSolution
		Debug|Any CPU = Debug|Any CPU
		Release|Any CPU = Release|Any CPU
	EndGlobalSection
	GlobalSection(ProjectConfigurationPlatforms) = postSolution
		{068EBBB8-BB2B-44CB-9EB8-027A4F938151}.Debug|Any CPU.ActiveCfg = Debug|Any CPU
		{068EBBB8-BB2B-44CB-9EB8-027A4F938151}.Debug|Any CPU.Build.0 = Debug|Any CPU
		{068EBBB8-BB2B-44CB-9EB8-027A4F938151}.Release|Any CPU.ActiveCfg = Release|Any CPU
		{068EBBB8-BB2B-44CB-9EB8-027A4F938151}.Release|Any CPU.Build.0 = Release|Any CPU
	EndGlobalSection
	GlobalSection(SolutionProperties) = preSolution
		HideSolutionNode = FALSE
	EndGlobalSection
	GlobalSection(ExtensibilityGlobals) = postSolution
		SolutionGuid = {F08A4FDE-D2D5-48C1-8937-5D79696736F6}
	EndGlobalSection
EndGlobal
